
Microsoft Visual Studio Solution File, Format Version 12.00
# Visual Studio 15
VisualStudioVersion = 15.0.27130.2027
MinimumVisualStudioVersion = 10.0.40219.1
Project("{2150E333-8FDC-42A3-9474-1A3956D46DE8}") = "Api", "Api", "{5C667EC2-7A99-4843-924F-F201841726E6}"
EndProject
Project("{9A19103F-16F7-4668-BE54-9A1E7A4F7556}") = "The.Barber.Api", "The.Barber.Api\The.Barber.Api.csproj", "{521691A2-F7ED-4252-BE9A-EED05C23DFF9}"
EndProject
Global
	GlobalSection(SolutionConfigurationPlatforms) = preSolution
		Debug|Any CPU = Debug|Any CPU
		Release|Any CPU = Release|Any CPU
	EndGlobalSection
	GlobalSection(ProjectConfigurationPlatforms) = postSolution
		{521691A2-F7ED-4252-BE9A-EED05C23DFF9}.Debug|Any CPU.ActiveCfg = Debug|Any CPU
		{521691A2-F7ED-4252-BE9A-EED05C23DFF9}.Debug|Any CPU.Build.0 = Debug|Any CPU
		{521691A2-F7ED-4252-BE9A-EED05C23DFF9}.Release|Any CPU.ActiveCfg = Release|Any CPU
		{521691A2-F7ED-4252-BE9A-EED05C23DFF9}.Release|Any CPU.Build.0 = Release|Any CPU
	EndGlobalSection
	GlobalSection(SolutionProperties) = preSolution
		HideSolutionNode = FALSE
	EndGlobalSection
	GlobalSection(NestedProjects) = preSolution
		{521691A2-F7ED-4252-BE9A-EED05C23DFF9} = {5C667EC2-7A99-4843-924F-F201841726E6}
	EndGlobalSection
	GlobalSection(ExtensibilityGlobals) = postSolution
		SolutionGuid = {F8DB96DF-D4BE-4909-837F-5260D77529A6}
	EndGlobalSection
EndGlobal
